
Microsoft Visual Studio Solution File, Format Version 12.00
# Visual Studio 14
VisualStudioVersion = 14.0.25420.1
MinimumVisualStudioVersion = 10.0.40219.1
Project("{FAE04EC0-301F-11D3-BF4B-00C04F79EFBC}") = "WFLibrary", "WFLibrary\WFLibrary.csproj", "{698F8D24-0D93-4FDE-9EF9-A1D53246FC90}"
EndProject
Project("{FAE04EC0-301F-11D3-BF4B-00C04F79EFBC}") = "GitHubClient", "GitHubClient\GitHubClient.csproj", "{52CD81EE-198F-4C91-8660-F77284A7A832}"
EndProject
Global
	GlobalSection(SolutionConfigurationPlatforms) = preSolution
		Debug|Any CPU = Debug|Any CPU
		Release|Any CPU = Release|Any CPU
	EndGlobalSection
	GlobalSection(ProjectConfigurationPlatforms) = postSolution
		{698F8D24-0D93-4FDE-9EF9-A1D53246FC90}.Debug|Any CPU.ActiveCfg = Debug|Any CPU
		{698F8D24-0D93-4FDE-9EF9-A1D53246FC90}.Debug|Any CPU.Build.0 = Debug|Any CPU
		{698F8D24-0D93-4FDE-9EF9-A1D53246FC90}.Release|Any CPU.ActiveCfg = Release|Any CPU
		{698F8D24-0D93-4FDE-9EF9-A1D53246FC90}.Release|Any CPU.Build.0 = Release|Any CPU
		{52CD81EE-198F-4C91-8660-F77284A7A832}.Debug|Any CPU.ActiveCfg = Debug|Any CPU
		{52CD81EE-198F-4C91-8660-F77284A7A832}.Debug|Any CPU.Build.0 = Debug|Any CPU
		{52CD81EE-198F-4C91-8660-F77284A7A832}.Release|Any CPU.ActiveCfg = Release|Any CPU
		{52CD81EE-198F-4C91-8660-F77284A7A832}.Release|Any CPU.Build.0 = Release|Any CPU
	EndGlobalSection
	GlobalSection(SolutionProperties) = preSolution
		HideSolutionNode = FALSE
	EndGlobalSection
EndGlobal
